# DANGER: EDIT AT YOUR OWN RISK. Track this file in version control so that others can sync files correctly.
- commit: 9cedf5441a4708efb8146d50d45b15d9baf328e8
  files:
  - .gitignore
  - LICENSE
  - text.mirror.yaml
  - text.pre-commit-config.yaml
  - version.txt
  source: https://github.com/George-Ogden/mirror-config
