# DANGER: EDIT AT YOUR OWN RISK. Track this file in version control so that others can sync files correctly.
- commit: c99d6d1018b199d83769a5c95e0f795293ac596a
  files:
  - .gitignore
  - LICENSE
  - text.mirror.yaml
  - text.pre-commit-config.yaml
  - version.txt
  source: https://github.com/George-Ogden/mirror-config
