# DANGER: EDIT AT YOUR OWN RISK. Track this file in version control so that others can sync files correctly.
- commit: d13a918d5916291ea82fab5139b72ad1ee386be0
  files:
  - .gitignore
  - LICENSE
  - text.mirror.yaml
  - text.pre-commit-config.yaml
  - version.txt
  source: https://github.com/George-Ogden/mirror-config
